
Microsoft Visual Studio Solution File, Format Version 11.00
# Visual Studio 2010
Project("{FAE04EC0-301F-11D3-BF4B-00C04F79EFBC}") = "MonoTouch.WAToolkit.Library", "MonoTouch.WAToolkit.Library\MonoTouch.WAToolkit.Library.csproj", "{EAFD95C5-1396-4B2A-B7AA-98A9C01BE66E}"
EndProject
Project("{FAE04EC0-301F-11D3-BF4B-00C04F79EFBC}") = "MonoTouch.WAToolkit.Sample", "MonoTouch.WAToolkit.Sample\MonoTouch.WAToolkit.Sample.csproj", "{8F56DCA8-F18E-4072-81B3-D7B174BAA49D}"
EndProject
Global
	GlobalSection(SolutionConfigurationPlatforms) = preSolution
		Debug|Any CPU = Debug|Any CPU
		Release|Any CPU = Release|Any CPU
		Debug|iPhoneSimulator = Debug|iPhoneSimulator
		Release|iPhoneSimulator = Release|iPhoneSimulator
		Debug|iPhone = Debug|iPhone
		Release|iPhone = Release|iPhone
	EndGlobalSection
	GlobalSection(ProjectConfigurationPlatforms) = postSolution
		{8F56DCA8-F18E-4072-81B3-D7B174BAA49D}.Debug|Any CPU.ActiveCfg = Debug|iPhoneSimulator
		{8F56DCA8-F18E-4072-81B3-D7B174BAA49D}.Debug|Any CPU.Build.0 = Debug|iPhoneSimulator
		{8F56DCA8-F18E-4072-81B3-D7B174BAA49D}.Debug|iPhone.ActiveCfg = Debug|iPhone
		{8F56DCA8-F18E-4072-81B3-D7B174BAA49D}.Debug|iPhone.Build.0 = Debug|iPhone
		{8F56DCA8-F18E-4072-81B3-D7B174BAA49D}.Debug|iPhoneSimulator.ActiveCfg = Debug|iPhoneSimulator
		{8F56DCA8-F18E-4072-81B3-D7B174BAA49D}.Debug|iPhoneSimulator.Build.0 = Debug|iPhoneSimulator
		{8F56DCA8-F18E-4072-81B3-D7B174BAA49D}.Release|Any CPU.ActiveCfg = Release|iPhoneSimulator
		{8F56DCA8-F18E-4072-81B3-D7B174BAA49D}.Release|Any CPU.Build.0 = Release|iPhoneSimulator
		{8F56DCA8-F18E-4072-81B3-D7B174BAA49D}.Release|iPhone.ActiveCfg = Release|iPhone
		{8F56DCA8-F18E-4072-81B3-D7B174BAA49D}.Release|iPhone.Build.0 = Release|iPhone
		{8F56DCA8-F18E-4072-81B3-D7B174BAA49D}.Release|iPhoneSimulator.ActiveCfg = Release|iPhoneSimulator
		{8F56DCA8-F18E-4072-81B3-D7B174BAA49D}.Release|iPhoneSimulator.Build.0 = Release|iPhoneSimulator
		{EAFD95C5-1396-4B2A-B7AA-98A9C01BE66E}.Debug|Any CPU.ActiveCfg = Debug|Any CPU
		{EAFD95C5-1396-4B2A-B7AA-98A9C01BE66E}.Debug|Any CPU.Build.0 = Debug|Any CPU
		{EAFD95C5-1396-4B2A-B7AA-98A9C01BE66E}.Release|Any CPU.ActiveCfg = Release|Any CPU
		{EAFD95C5-1396-4B2A-B7AA-98A9C01BE66E}.Release|Any CPU.Build.0 = Release|Any CPU
	EndGlobalSection
	GlobalSection(MonoDevelopProperties) = preSolution
		StartupItem = MonoTouch.WAToolkit.Sample\MonoTouch.WAToolkit.Sample.csproj
	EndGlobalSection
EndGlobal
